
Microsoft Visual Studio Solution File, Format Version 12.00
Project("{FAE04EC0-301F-11D3-BF4B-00C04F79EFBC}") = "CODL", "CODL\CODL.csproj", "{00CCD39B-1C46-4F7E-920D-7D6BE6C86B39}"
EndProject
Global
	GlobalSection(SolutionConfigurationPlatforms) = preSolution
		Debug|Any CPU = Debug|Any CPU
		Release|Any CPU = Release|Any CPU
	EndGlobalSection
	GlobalSection(ProjectConfigurationPlatforms) = postSolution
		{00CCD39B-1C46-4F7E-920D-7D6BE6C86B39}.Debug|Any CPU.ActiveCfg = Debug|Any CPU
		{00CCD39B-1C46-4F7E-920D-7D6BE6C86B39}.Debug|Any CPU.Build.0 = Debug|Any CPU
		{00CCD39B-1C46-4F7E-920D-7D6BE6C86B39}.Release|Any CPU.ActiveCfg = Release|Any CPU
		{00CCD39B-1C46-4F7E-920D-7D6BE6C86B39}.Release|Any CPU.Build.0 = Release|Any CPU
	EndGlobalSection
EndGlobal
